<?xml version="1.0" encoding="utf-8"?>
<Project ToolsVersion="4.0" xmlns="http://schemas.microsoft.com/developer/msbuild/2003">
  <ItemGroup>
    <ClCompile Include="App.cpp" />
    <ClCompile Include="Matrice.cpp">
      <Filter>Matrice</Filter>
    </ClCompile>
    <ClCompile Include="TestExtins.cpp">
      <Filter>Teste</Filter>
    </ClCompile>
    <ClCompile Include="TestScurt.cpp">
      <Filter>Teste</Filter>
    </ClCompile>
  </ItemGroup>
  <ItemGroup>
    <ClInclude Include="Matrice.h">
      <Filter>Matrice</Filter>
    </ClInclude>
    <ClInclude Include="TestExtins.h">
      <Filter>Teste</Filter>
    </ClInclude>
    <ClInclude Include="TestScurt.h">
      <Filter>Teste</Filter>
    </ClInclude>
  </ItemGroup>
  <ItemGroup>
    <Filter Include="Matrice">
      <UniqueIdentifier>{79c9507f-ce47-4ed5-ba5b-1e9c3c3c8831}</UniqueIdentifier>
    </Filter>
    <Filter Include="Teste">
      <UniqueIdentifier>{a1793c2f-1d9e-48ce-ae97-2a8d3ef48a32}</UniqueIdentifier>
    </Filter>
  </ItemGroup>
</Project>